
Microsoft Visual Studio Solution File, Format Version 12.00
# Visual Studio Version 17
VisualStudioVersion = 17.9.34728.123
MinimumVisualStudioVersion = 10.0.40219.1
Project("{FAE04EC0-301F-11D3-BF4B-00C04F79EFBC}") = "WindowsFormsApp1", "WindowsFormsApp1\WindowsFormsApp1.csproj", "{1B573132-96C8-4488-995C-C4D619C9260F}"
EndProject
Global
	GlobalSection(SolutionConfigurationPlatforms) = preSolution
		Debug|Any CPU = Debug|Any CPU
		Release|Any CPU = Release|Any CPU
	EndGlobalSection
	GlobalSection(ProjectConfigurationPlatforms) = postSolution
		{1B573132-96C8-4488-995C-C4D619C9260F}.Debug|Any CPU.ActiveCfg = Debug|Any CPU
		{1B573132-96C8-4488-995C-C4D619C9260F}.Debug|Any CPU.Build.0 = Debug|Any CPU
		{1B573132-96C8-4488-995C-C4D619C9260F}.Release|Any CPU.ActiveCfg = Release|Any CPU
		{1B573132-96C8-4488-995C-C4D619C9260F}.Release|Any CPU.Build.0 = Release|Any CPU
	EndGlobalSection
	GlobalSection(SolutionProperties) = preSolution
		HideSolutionNode = FALSE
	EndGlobalSection
	GlobalSection(ExtensibilityGlobals) = postSolution
		SolutionGuid = {FC2F1F9C-0FE1-4F4F-87BD-969F8059F4B9}
	EndGlobalSection
EndGlobal
